{
  "version": "5",
  "redirects": {
    "https://esm.sh/@supabase/supabase-js@2": "https://esm.sh/@supabase/supabase-js@2.105.1"
  },
  "remote": {
    "https://esm.sh/@supabase/supabase-js@2.105.1": "d96e63cd3c7d0a07d5821a3573b4923d0e556e064633265c584656d95b22fa38"
  },
  "workspace": {
    "packageJson": {
      "dependencies": [
        "npm:@supabase/supabase-js@^2.105.0",
        "npm:@types/react-dom@^18.3.1",
        "npm:@types/react@^18.3.11",
        "npm:@vitejs/plugin-react@^4.3.2",
        "npm:react-dom@^18.3.1",
        "npm:react@^18.3.1",
        "npm:typescript@^5.6.3",
        "npm:vite@^5.4.10",
        "npm:vitest@^4.1.5"
      ]
    }
  }
}
